
Microsoft Visual Studio Solution File, Format Version 12.00
# Visual Studio Version 17
VisualStudioVersion = 17.14.36915.13 d17.14
MinimumVisualStudioVersion = 10.0.40219.1
Project("{888888A0-9F3D-457C-B088-3A5042F75D52}") = "DJ60_B_2B_RenameTool", "DJ60_B_2B_RenameTool\DJ60_B_2B_RenameTool.pyproj", "{09530116-F5C5-45CE-ACF4-99A56AC24820}"
EndProject
Global
	GlobalSection(SolutionConfigurationPlatforms) = preSolution
		Debug|Any CPU = Debug|Any CPU
		Release|Any CPU = Release|Any CPU
	EndGlobalSection
	GlobalSection(ProjectConfigurationPlatforms) = postSolution
		{09530116-F5C5-45CE-ACF4-99A56AC24820}.Debug|Any CPU.ActiveCfg = Debug|Any CPU
		{09530116-F5C5-45CE-ACF4-99A56AC24820}.Release|Any CPU.ActiveCfg = Release|Any CPU
	EndGlobalSection
	GlobalSection(SolutionProperties) = preSolution
		HideSolutionNode = FALSE
	EndGlobalSection
	GlobalSection(ExtensibilityGlobals) = postSolution
		SolutionGuid = {A8B6FDD0-308F-47E9-9A67-B1543A873687}
	EndGlobalSection
EndGlobal
